
Microsoft Visual Studio Solution File, Format Version 12.00
# Visual Studio Version 16
VisualStudioVersion = 16.0.31605.320
MinimumVisualStudioVersion = 10.0.40219.1
Project("{2150E333-8FDC-42A3-9474-1A3956D46DE8}") = "Services", "Services", "{E6F5DBEE-6DF9-41CC-AB8F-9AF4A9F2C428}"
EndProject
Project("{2150E333-8FDC-42A3-9474-1A3956D46DE8}") = "Ordering", "Ordering", "{E0CF3277-ABDF-485C-8907-03DB2EDC9A8B}"
EndProject
Project("{2150E333-8FDC-42A3-9474-1A3956D46DE8}") = "GrpcService", "GrpcService", "{5157B55A-59D5-41AB-A3E6-639E54EE9D5F}"
EndProject
Project("{9A19103F-16F7-4668-BE54-9A1E7A4F7556}") = "Ordering.API", "Services\Ordering\Ordering.API\Ordering.API.csproj", "{7E378918-5669-41EB-B82A-D98D2FAC295A}"
EndProject
Project("{9A19103F-16F7-4668-BE54-9A1E7A4F7556}") = "Ordering.gRPC", "Services\GrpcService\Ordering.gRPC\Ordering.gRPC.csproj", "{8F7D79E4-76E0-4902-B804-0584A7B34654}"
EndProject
Project("{9A19103F-16F7-4668-BE54-9A1E7A4F7556}") = "Management.gRPC", "Services\GrpcService\Management.gRPC\Management.gRPC.csproj", "{C2E715BB-F805-4258-BC06-688420E403EA}"
EndProject
Project("{2150E333-8FDC-42A3-9474-1A3956D46DE8}") = "CMS.WebApplication", "CMS.WebApplication", "{CB13BB21-97A3-47AF-BACD-D3A641EAA163}"
EndProject
Project("{9A19103F-16F7-4668-BE54-9A1E7A4F7556}") = "Infrastructure", "Services\GrpcService\Infrastructure\Infrastructure.csproj", "{2B01C9DF-CE20-48E8-AA52-36F9619114C7}"
EndProject
Project("{9A19103F-16F7-4668-BE54-9A1E7A4F7556}") = "Domain", "Services\GrpcService\Domain\Domain.csproj", "{574D634E-01CE-482F-9D56-0D05194BBD42}"
EndProject
Project("{2150E333-8FDC-42A3-9474-1A3956D46DE8}") = "ApiGateways", "ApiGateways", "{EF65EBB5-85EC-409A-962D-63559096A763}"
EndProject
Project("{9A19103F-16F7-4668-BE54-9A1E7A4F7556}") = "OcelotApiGw", "ApiGateways\OcelotApiGw\OcelotApiGw.csproj", "{1D63495C-B5D6-43D4-8FA2-EBD46E297C71}"
EndProject
Project("{9A19103F-16F7-4668-BE54-9A1E7A4F7556}") = "CMS.BlazorServer", "Services\CMS.WebApplication\CMS.BlazorServer\CMS.BlazorServer.csproj", "{2387D339-F0C6-4147-8E68-F2BA00DEAE29}"
EndProject
Project("{2150E333-8FDC-42A3-9474-1A3956D46DE8}") = "Client", "Client", "{13C0327A-E734-4DC8-B388-24C32C5B36A5}"
EndProject
Project("{9A19103F-16F7-4668-BE54-9A1E7A4F7556}") = "CMS.Web.Client.Blazor.Wasm", "Client\CMS.Web.Client.Blazor.Wasm\CMS.Web.Client.Blazor.Wasm.csproj", "{059B5658-5C66-4A61-9EE8-C4653810E001}"
EndProject
Project("{9A19103F-16F7-4668-BE54-9A1E7A4F7556}") = "Ordering.gRPC.stub", "Services\Ordering\Ordering.gRPC\Ordering.gRPC.stub.csproj", "{84C3A712-EB41-4882-BDC1-B4B765D23068}"
EndProject
Project("{9A19103F-16F7-4668-BE54-9A1E7A4F7556}") = "Blazor.Wasm.gRPCClient", "Client\Blazor.Wasm.gRPCClient\Blazor.Wasm.gRPCClient.csproj", "{5D5B93DC-32F3-4071-B1EC-266D5F9A094B}"
EndProject
Project("{E53339B2-1760-4266-BCC7-CA923CBCF16C}") = "docker-compose", "docker-compose.dcproj", "{002F02F2-CBA6-4208-9747-6EF5A7D3BB4F}"
EndProject
Project("{2150E333-8FDC-42A3-9474-1A3956D46DE8}") = "AuthServer", "AuthServer", "{52FFD853-2652-4C53-AA4A-D117F1274A14}"
EndProject
Project("{9A19103F-16F7-4668-BE54-9A1E7A4F7556}") = "AuthServer.Infrastructure", "AuthServer\AuthServer.Infrastructure\AuthServer.Infrastructure.csproj", "{811FD2FF-B635-47C8-A19A-EF425E6DB3D3}"
EndProject
Project("{9A19103F-16F7-4668-BE54-9A1E7A4F7556}") = "Shared", "AuthServer\Shared\Shared.csproj", "{8DBF13C5-CC95-4BA2-8C7C-93931A56CFED}"
EndProject
Project("{9A19103F-16F7-4668-BE54-9A1E7A4F7556}") = "IdentityServer2", "AuthServer\IdentityServer2\IdentityServer2.csproj", "{D41813D0-4B8C-4139-8F96-AF3D843DE102}"
EndProject
Project("{9A19103F-16F7-4668-BE54-9A1E7A4F7556}") = "Blazor.Wasm.BusinessClient.IndividualUserAccounts3", "Client\Blazor.Wasm.BusinessClient.IndividualUserAccounts3\Blazor.Wasm.BusinessClient.IndividualUserAccounts3.csproj", "{9E9DC1EB-9263-4A72-9511-9B928811AA14}"
EndProject
Project("{9A19103F-16F7-4668-BE54-9A1E7A4F7556}") = "IdentityServer", "AuthServer\IdentityServer\IdentityServer.csproj", "{A7B45B92-8535-4891-9169-69CA439B1A86}"
EndProject
Project("{FAE04EC0-301F-11D3-BF4B-00C04F79EFBC}") = "Blazor.Wasm.BusinessClient.IndividualUserAccounts2", "Client\Blazor.Wasm.BusinessClient.IndividualUserAccounts2\Blazor.Wasm.BusinessClient.IndividualUserAccounts2.csproj", "{26A3750E-875A-4E2F-A956-2F0A7DD63EE4}"
EndProject
Global
	GlobalSection(SolutionConfigurationPlatforms) = preSolution
		Debug|Any CPU = Debug|Any CPU
		Release|Any CPU = Release|Any CPU
	EndGlobalSection
	GlobalSection(ProjectConfigurationPlatforms) = postSolution
		{7E378918-5669-41EB-B82A-D98D2FAC295A}.Debug|Any CPU.ActiveCfg = Debug|Any CPU
		{7E378918-5669-41EB-B82A-D98D2FAC295A}.Debug|Any CPU.Build.0 = Debug|Any CPU
		{7E378918-5669-41EB-B82A-D98D2FAC295A}.Release|Any CPU.ActiveCfg = Release|Any CPU
		{7E378918-5669-41EB-B82A-D98D2FAC295A}.Release|Any CPU.Build.0 = Release|Any CPU
		{8F7D79E4-76E0-4902-B804-0584A7B34654}.Debug|Any CPU.ActiveCfg = Debug|Any CPU
		{8F7D79E4-76E0-4902-B804-0584A7B34654}.Debug|Any CPU.Build.0 = Debug|Any CPU
		{8F7D79E4-76E0-4902-B804-0584A7B34654}.Release|Any CPU.ActiveCfg = Release|Any CPU
		{8F7D79E4-76E0-4902-B804-0584A7B34654}.Release|Any CPU.Build.0 = Release|Any CPU
		{C2E715BB-F805-4258-BC06-688420E403EA}.Debug|Any CPU.ActiveCfg = Debug|Any CPU
		{C2E715BB-F805-4258-BC06-688420E403EA}.Debug|Any CPU.Build.0 = Debug|Any CPU
		{C2E715BB-F805-4258-BC06-688420E403EA}.Release|Any CPU.ActiveCfg = Release|Any CPU
		{C2E715BB-F805-4258-BC06-688420E403EA}.Release|Any CPU.Build.0 = Release|Any CPU
		{2B01C9DF-CE20-48E8-AA52-36F9619114C7}.Debug|Any CPU.ActiveCfg = Debug|Any CPU
		{2B01C9DF-CE20-48E8-AA52-36F9619114C7}.Debug|Any CPU.Build.0 = Debug|Any CPU
		{2B01C9DF-CE20-48E8-AA52-36F9619114C7}.Release|Any CPU.ActiveCfg = Release|Any CPU
		{2B01C9DF-CE20-48E8-AA52-36F9619114C7}.Release|Any CPU.Build.0 = Release|Any CPU
		{574D634E-01CE-482F-9D56-0D05194BBD42}.Debug|Any CPU.ActiveCfg = Debug|Any CPU
		{574D634E-01CE-482F-9D56-0D05194BBD42}.Debug|Any CPU.Build.0 = Debug|Any CPU
		{574D634E-01CE-482F-9D56-0D05194BBD42}.Release|Any CPU.ActiveCfg = Release|Any CPU
		{574D634E-01CE-482F-9D56-0D05194BBD42}.Release|Any CPU.Build.0 = Release|Any CPU
		{1D63495C-B5D6-43D4-8FA2-EBD46E297C71}.Debug|Any CPU.ActiveCfg = Debug|Any CPU
		{1D63495C-B5D6-43D4-8FA2-EBD46E297C71}.Debug|Any CPU.Build.0 = Debug|Any CPU
		{1D63495C-B5D6-43D4-8FA2-EBD46E297C71}.Release|Any CPU.ActiveCfg = Release|Any CPU
		{1D63495C-B5D6-43D4-8FA2-EBD46E297C71}.Release|Any CPU.Build.0 = Release|Any CPU
		{2387D339-F0C6-4147-8E68-F2BA00DEAE29}.Debug|Any CPU.ActiveCfg = Debug|Any CPU
		{2387D339-F0C6-4147-8E68-F2BA00DEAE29}.Debug|Any CPU.Build.0 = Debug|Any CPU
		{2387D339-F0C6-4147-8E68-F2BA00DEAE29}.Release|Any CPU.ActiveCfg = Release|Any CPU
		{2387D339-F0C6-4147-8E68-F2BA00DEAE29}.Release|Any CPU.Build.0 = Release|Any CPU
		{059B5658-5C66-4A61-9EE8-C4653810E001}.Debug|Any CPU.ActiveCfg = Debug|Any CPU
		{059B5658-5C66-4A61-9EE8-C4653810E001}.Debug|Any CPU.Build.0 = Debug|Any CPU
		{059B5658-5C66-4A61-9EE8-C4653810E001}.Release|Any CPU.ActiveCfg = Release|Any CPU
		{059B5658-5C66-4A61-9EE8-C4653810E001}.Release|Any CPU.Build.0 = Release|Any CPU
		{84C3A712-EB41-4882-BDC1-B4B765D23068}.Debug|Any CPU.ActiveCfg = Debug|Any CPU
		{84C3A712-EB41-4882-BDC1-B4B765D23068}.Debug|Any CPU.Build.0 = Debug|Any CPU
		{84C3A712-EB41-4882-BDC1-B4B765D23068}.Release|Any CPU.ActiveCfg = Release|Any CPU
		{84C3A712-EB41-4882-BDC1-B4B765D23068}.Release|Any CPU.Build.0 = Release|Any CPU
		{5D5B93DC-32F3-4071-B1EC-266D5F9A094B}.Debug|Any CPU.ActiveCfg = Debug|Any CPU
		{5D5B93DC-32F3-4071-B1EC-266D5F9A094B}.Debug|Any CPU.Build.0 = Debug|Any CPU
		{5D5B93DC-32F3-4071-B1EC-266D5F9A094B}.Release|Any CPU.ActiveCfg = Release|Any CPU
		{5D5B93DC-32F3-4071-B1EC-266D5F9A094B}.Release|Any CPU.Build.0 = Release|Any CPU
		{002F02F2-CBA6-4208-9747-6EF5A7D3BB4F}.Debug|Any CPU.ActiveCfg = Debug|Any CPU
		{002F02F2-CBA6-4208-9747-6EF5A7D3BB4F}.Debug|Any CPU.Build.0 = Debug|Any CPU
		{002F02F2-CBA6-4208-9747-6EF5A7D3BB4F}.Release|Any CPU.ActiveCfg = Release|Any CPU
		{002F02F2-CBA6-4208-9747-6EF5A7D3BB4F}.Release|Any CPU.Build.0 = Release|Any CPU
		{811FD2FF-B635-47C8-A19A-EF425E6DB3D3}.Debug|Any CPU.ActiveCfg = Debug|Any CPU
		{811FD2FF-B635-47C8-A19A-EF425E6DB3D3}.Debug|Any CPU.Build.0 = Debug|Any CPU
		{811FD2FF-B635-47C8-A19A-EF425E6DB3D3}.Release|Any CPU.ActiveCfg = Release|Any CPU
		{811FD2FF-B635-47C8-A19A-EF425E6DB3D3}.Release|Any CPU.Build.0 = Release|Any CPU
		{8DBF13C5-CC95-4BA2-8C7C-93931A56CFED}.Debug|Any CPU.ActiveCfg = Debug|Any CPU
		{8DBF13C5-CC95-4BA2-8C7C-93931A56CFED}.Debug|Any CPU.Build.0 = Debug|Any CPU
		{8DBF13C5-CC95-4BA2-8C7C-93931A56CFED}.Release|Any CPU.ActiveCfg = Release|Any CPU
		{8DBF13C5-CC95-4BA2-8C7C-93931A56CFED}.Release|Any CPU.Build.0 = Release|Any CPU
		{D41813D0-4B8C-4139-8F96-AF3D843DE102}.Debug|Any CPU.ActiveCfg = Debug|Any CPU
		{D41813D0-4B8C-4139-8F96-AF3D843DE102}.Debug|Any CPU.Build.0 = Debug|Any CPU
		{D41813D0-4B8C-4139-8F96-AF3D843DE102}.Release|Any CPU.ActiveCfg = Release|Any CPU
		{D41813D0-4B8C-4139-8F96-AF3D843DE102}.Release|Any CPU.Build.0 = Release|Any CPU
		{9E9DC1EB-9263-4A72-9511-9B928811AA14}.Debug|Any CPU.ActiveCfg = Debug|Any CPU
		{9E9DC1EB-9263-4A72-9511-9B928811AA14}.Debug|Any CPU.Build.0 = Debug|Any CPU
		{9E9DC1EB-9263-4A72-9511-9B928811AA14}.Release|Any CPU.ActiveCfg = Release|Any CPU
		{9E9DC1EB-9263-4A72-9511-9B928811AA14}.Release|Any CPU.Build.0 = Release|Any CPU
		{A7B45B92-8535-4891-9169-69CA439B1A86}.Debug|Any CPU.ActiveCfg = Debug|Any CPU
		{A7B45B92-8535-4891-9169-69CA439B1A86}.Debug|Any CPU.Build.0 = Debug|Any CPU
		{A7B45B92-8535-4891-9169-69CA439B1A86}.Release|Any CPU.ActiveCfg = Release|Any CPU
		{A7B45B92-8535-4891-9169-69CA439B1A86}.Release|Any CPU.Build.0 = Release|Any CPU
		{26A3750E-875A-4E2F-A956-2F0A7DD63EE4}.Debug|Any CPU.ActiveCfg = Debug|Any CPU
		{26A3750E-875A-4E2F-A956-2F0A7DD63EE4}.Debug|Any CPU.Build.0 = Debug|Any CPU
		{26A3750E-875A-4E2F-A956-2F0A7DD63EE4}.Release|Any CPU.ActiveCfg = Release|Any CPU
		{26A3750E-875A-4E2F-A956-2F0A7DD63EE4}.Release|Any CPU.Build.0 = Release|Any CPU
	EndGlobalSection
	GlobalSection(SolutionProperties) = preSolution
		HideSolutionNode = FALSE
	EndGlobalSection
	GlobalSection(NestedProjects) = preSolution
		{E0CF3277-ABDF-485C-8907-03DB2EDC9A8B} = {E6F5DBEE-6DF9-41CC-AB8F-9AF4A9F2C428}
		{5157B55A-59D5-41AB-A3E6-639E54EE9D5F} = {E6F5DBEE-6DF9-41CC-AB8F-9AF4A9F2C428}
		{7E378918-5669-41EB-B82A-D98D2FAC295A} = {E0CF3277-ABDF-485C-8907-03DB2EDC9A8B}
		{8F7D79E4-76E0-4902-B804-0584A7B34654} = {5157B55A-59D5-41AB-A3E6-639E54EE9D5F}
		{C2E715BB-F805-4258-BC06-688420E403EA} = {5157B55A-59D5-41AB-A3E6-639E54EE9D5F}
		{CB13BB21-97A3-47AF-BACD-D3A641EAA163} = {E6F5DBEE-6DF9-41CC-AB8F-9AF4A9F2C428}
		{2B01C9DF-CE20-48E8-AA52-36F9619114C7} = {5157B55A-59D5-41AB-A3E6-639E54EE9D5F}
		{574D634E-01CE-482F-9D56-0D05194BBD42} = {5157B55A-59D5-41AB-A3E6-639E54EE9D5F}
		{1D63495C-B5D6-43D4-8FA2-EBD46E297C71} = {EF65EBB5-85EC-409A-962D-63559096A763}
		{2387D339-F0C6-4147-8E68-F2BA00DEAE29} = {CB13BB21-97A3-47AF-BACD-D3A641EAA163}
		{059B5658-5C66-4A61-9EE8-C4653810E001} = {13C0327A-E734-4DC8-B388-24C32C5B36A5}
		{84C3A712-EB41-4882-BDC1-B4B765D23068} = {E0CF3277-ABDF-485C-8907-03DB2EDC9A8B}
		{5D5B93DC-32F3-4071-B1EC-266D5F9A094B} = {13C0327A-E734-4DC8-B388-24C32C5B36A5}
		{811FD2FF-B635-47C8-A19A-EF425E6DB3D3} = {52FFD853-2652-4C53-AA4A-D117F1274A14}
		{8DBF13C5-CC95-4BA2-8C7C-93931A56CFED} = {52FFD853-2652-4C53-AA4A-D117F1274A14}
		{D41813D0-4B8C-4139-8F96-AF3D843DE102} = {52FFD853-2652-4C53-AA4A-D117F1274A14}
		{9E9DC1EB-9263-4A72-9511-9B928811AA14} = {13C0327A-E734-4DC8-B388-24C32C5B36A5}
		{A7B45B92-8535-4891-9169-69CA439B1A86} = {52FFD853-2652-4C53-AA4A-D117F1274A14}
		{26A3750E-875A-4E2F-A956-2F0A7DD63EE4} = {13C0327A-E734-4DC8-B388-24C32C5B36A5}
	EndGlobalSection
	GlobalSection(ExtensibilityGlobals) = postSolution
		SolutionGuid = {F2E40E85-42D7-41BB-966F-F3CF7E832B2D}
	EndGlobalSection
EndGlobal
